
Microsoft Visual Studio Solution File, Format Version 12.00
# Visual Studio Version 17
VisualStudioVersion = 17.7.34031.279
MinimumVisualStudioVersion = 10.0.40219.1
Project("{FAE04EC0-301F-11D3-BF4B-00C04F79EFBC}") = "HolaMundo", "HolaMundo\HolaMundo.csproj", "{D15BC325-F516-4561-8F52-3FE259AA9EC2}"
EndProject
Global
	GlobalSection(SolutionConfigurationPlatforms) = preSolution
		Debug|Any CPU = Debug|Any CPU
		Release|Any CPU = Release|Any CPU
	EndGlobalSection
	GlobalSection(ProjectConfigurationPlatforms) = postSolution
		{D15BC325-F516-4561-8F52-3FE259AA9EC2}.Debug|Any CPU.ActiveCfg = Debug|Any CPU
		{D15BC325-F516-4561-8F52-3FE259AA9EC2}.Debug|Any CPU.Build.0 = Debug|Any CPU
		{D15BC325-F516-4561-8F52-3FE259AA9EC2}.Release|Any CPU.ActiveCfg = Release|Any CPU
		{D15BC325-F516-4561-8F52-3FE259AA9EC2}.Release|Any CPU.Build.0 = Release|Any CPU
	EndGlobalSection
	GlobalSection(SolutionProperties) = preSolution
		HideSolutionNode = FALSE
	EndGlobalSection
	GlobalSection(ExtensibilityGlobals) = postSolution
		SolutionGuid = {B07C8A8C-F662-464C-9D8C-C78CC383132A}
	EndGlobalSection
EndGlobal
